{
  "name": "public",
  "version": "1.0.0",
  "lockfileVersion": 1,
  "requires": true,
  "dependencies": {
    "angular": {
      "version": "1.7.2",
      "resolved": "https://registry.npmjs.org/angular/-/angular-1.7.2.tgz",
      "integrity": "sha512-JcKKJbBdybUsmQ6x1M3xWyTYQ/ioVKJhSByEAjqrhmlOfvMFdhfMqAx5KIo8rLGk4DFolYPcCSgssjgTVjCtRQ=="
    },
    "angular-animate": {
      "version": "1.7.2",
      "resolved": "https://registry.npmjs.org/angular-animate/-/angular-animate-1.7.2.tgz",
      "integrity": "sha512-/MQL2FEFXhdzFUKJ9AJq6gAYz3YGsh2xHTztuQKY5FkqjEBpF5YGypgprTz153P7t51T8nFqLsG8jwkpRdM6gg=="
    },
    "angular-block-ui": {
      "version": "0.2.2",
      "resolved": "https://registry.npmjs.org/angular-block-ui/-/angular-block-ui-0.2.2.tgz",
      "integrity": "sha1-RmYTzYCtKG60tYjPztAP7GrF6XU="
    },
    "angular-sanitize": {
      "version": "1.7.2",
      "resolved": "https://registry.npmjs.org/angular-sanitize/-/angular-sanitize-1.7.2.tgz",
      "integrity": "sha512-8XmhwhT+TwnLzz4VMq9kIqj9b2aBt4lgYWRw9s+Q8ysx0z/glDcnoPxMrlR/dXItlww8NM/1pscgO1bGVGdiXA=="
    },
    "angular-toastr": {
      "version": "2.1.1",
      "resolved": "https://registry.npmjs.org/angular-toastr/-/angular-toastr-2.1.1.tgz",
      "integrity": "sha1-n4NQykghRaRNARp1W4+zYj1gVEw="
    },
    "angular-ui-router": {
      "version": "0.3.2",
      "resolved": "https://registry.npmjs.org/angular-ui-router/-/angular-ui-router-0.3.2.tgz",
      "integrity": "sha1-wn4EljCcmSGNVlWYWxZKCWq1IKk=",
      "requires": {
        "angular": "^1.0.8"
      }
    },
    "bootstrap": {
      "version": "3.3.7",
      "resolved": "https://registry.npmjs.org/bootstrap/-/bootstrap-3.3.7.tgz",
      "integrity": "sha1-WjiTlFSfIzMIdaOxUGVldPip63E="
    },
    "file-saver": {
      "version": "1.3.8",
      "resolved": "https://registry.npmjs.org/file-saver/-/file-saver-1.3.8.tgz",
      "integrity": "sha512-spKHSBQIxxS81N/O21WmuXA2F6wppUCsutpzenOeZzOCCJ5gEfcbqJP983IrpLXzYmXnMUa6J03SubcNPdKrlg=="
    },
    "jquery": {
      "version": "3.3.1",
      "resolved": "https://registry.npmjs.org/jquery/-/jquery-3.3.1.tgz",
      "integrity": "sha512-Ubldcmxp5np52/ENotGxlLe6aGMvmF4R8S6tZjsP6Knsaxd/xp3Zrh50cG93lR6nPXyUFwzN3ZSOQI0wRJNdGg=="
    },
    "lodash": {
      "version": "4.17.10",
      "resolved": "https://registry.npmjs.org/lodash/-/lodash-4.17.10.tgz",
      "integrity": "sha512-UejweD1pDoXu+AD825lWwp4ZGtSwgnpZxb3JDViD7StjQz+Nb/6l093lx4OQ0foGWNRoc19mWy7BzL+UAK2iVg=="
    },
    "papaparse": {
      "version": "5.2.0",
      "resolved": "https://registry.npmjs.org/papaparse/-/papaparse-5.2.0.tgz",
      "integrity": "sha512-ylq1wgUSnagU+MKQtNeVqrPhZuMYBvOSL00DHycFTCxownF95gpLAk1HiHdUW77N8yxRq1qHXLdlIPyBSG9NSA=="
    },
    "stormpath-sdk-angularjs": {
      "version": "1.1.1",
      "resolved": "https://registry.npmjs.org/stormpath-sdk-angularjs/-/stormpath-sdk-angularjs-1.1.1.tgz",
      "integrity": "sha1-tlISFPXvSv8LZDvNrJRRc+9WG0k="
    }
  }
}
